{
    "_readme": [
        "This file locks the dependencies of your project to a known state",
        "Read more about it at https://getcomposer.org/doc/01-basic-usage.md#composer-lock-the-lock-file",
        "This file is @generated automatically"
    ],
    "content-hash": "c0640fcd2f3e2a122c170abd7e286e9f",
    "packages": [
        {
            "name": "lyoshenka/curl",
            "version": "v1.0.3",
            "source": {
                "type": "git",
                "url": "https://github.com/lyoshenka/curl.git",
                "reference": "6a995a93cc553d33c3b1024d01e63d59ff302023"
            },
            "dist": {
                "type": "zip",
                "url": "https://api.github.com/repos/lyoshenka/curl/zipball/6a995a93cc553d33c3b1024d01e63d59ff302023",
                "reference": "6a995a93cc553d33c3b1024d01e63d59ff302023",
                "shasum": ""
            },
            "require": {
                "ext-curl": "*",
                "php": ">=5.6"
            },
            "type": "library",
            "autoload": {
                "psr-4": {
                    "lyoshenka\\": "src/"
                }
            },
            "notification-url": "https://packagist.org/downloads/",
            "license": [
                "MIT"
            ],
            "authors": [
                {
                    "name": "Alex Grintsvayg",
                    "email": "alex@grin.io"
                }
            ],
            "description": "A better way to cURL",
            "time": "2017-01-24T22:31:54+00:00"
        }
    ],
    "packages-dev": [],
    "aliases": [],
    "minimum-stability": "stable",
    "stability-flags": [],
    "prefer-stable": false,
    "prefer-lowest": false,
    "platform": [],
    "platform-dev": []
}
